<?xml version="1.0" encoding="UTF-8"?>
<!DOCTYPE plist PUBLIC "-//Apple//DTD PLIST 1.0//EN" "http://www.apple.com/DTDs/PropertyList-1.0.dtd">
<plist version="1.0">
<dict>
	<key>archiveVersion</key>
	<string>1</string>
	<key>classes</key>
	<dict/>
	<key>objectVersion</key>
	<string>46</string>
	<key>objects</key>
	<dict>
		<key>06D1C1C3F7894517B818AAC5</key>
		<dict>
			<key>fileRef</key>
			<string>6076AB8A7E4D45AF8CB9B92E</string>
			<key>isa</key>
			<string>PBXBuildFile</string>
		</dict>
		<key>3D0518AB191025540020029B</key>
		<dict>
			<key>fileEncoding</key>
			<string>4</string>
			<key>isa</key>
			<string>PBXFileReference</string>
			<key>lastKnownFileType</key>
			<string>sourcecode.c.h</string>
			<key>path</key>
			<string>CuppingCell.h</string>
			<key>sourceTree</key>
			<string>&lt;group&gt;</string>
		</dict>
		<key>3D0518AC191025540020029B</key>
		<dict>
			<key>fileEncoding</key>
			<string>4</string>
			<key>isa</key>
			<string>PBXFileReference</string>
			<key>lastKnownFileType</key>
			<string>sourcecode.c.objc</string>
			<key>path</key>
			<string>CuppingCell.m</string>
			<key>sourceTree</key>
			<string>&lt;group&gt;</string>
		</dict>
		<key>3D0518AD191025540020029B</key>
		<dict>
			<key>fileRef</key>
			<string>3D0518AC191025540020029B</string>
			<key>isa</key>
			<string>PBXBuildFile</string>
		</dict>
		<key>3D79B3F01911EF3800753DD1</key>
		<dict>
			<key>children</key>
			<array>
				<string>3DE4601D190984D8002AF3C0</string>
				<string>3DE4601E190984D8002AF3C0</string>
				<string>3DD8873E190B166A002521AD</string>
				<string>3DD8873F190B166A002521AD</string>
			</array>
			<key>isa</key>
			<string>PBXGroup</string>
			<key>name</key>
			<string>CoffeesViewController</string>
			<key>sourceTree</key>
			<string>&lt;group&gt;</string>
		</dict>
		<key>3D79B3F11911EF4F00753DD1</key>
		<dict>
			<key>children</key>
			<array>
				<string>3DD88730190B1180002521AD</string>
				<string>3DD88731190B1180002521AD</string>
				<string>3D0518AB191025540020029B</string>
				<string>3D0518AC191025540020029B</string>
			</array>
			<key>isa</key>
			<string>PBXGroup</string>
			<key>name</key>
			<string>CoffeeDetailViewController</string>
			<key>sourceTree</key>
			<string>&lt;group&gt;</string>
		</dict>
		<key>3D79B3F21911F10400753DD1</key>
		<dict>
			<key>children</key>
			<array>
				<string>3DE460431909852F002AF3C0</string>
				<string>3DE460441909852F002AF3C0</string>
			</array>
			<key>isa</key>
			<string>PBXGroup</string>
			<key>name</key>
			<string>Future</string>
			<key>path</key>
			<string>CoffeeNotes</string>
			<key>sourceTree</key>
			<string>&lt;group&gt;</string>
		</dict>
		<key>3DD88730190B1180002521AD</key>
		<dict>
			<key>fileEncoding</key>
			<string>4</string>
			<key>isa</key>
			<string>PBXFileReference</string>
			<key>lastKnownFileType</key>
			<string>sourcecode.c.h</string>
			<key>path</key>
			<string>CoffeeDetailViewController.h</string>
			<key>sourceTree</key>
			<string>&lt;group&gt;</string>
		</dict>
		<key>3DD88731190B1180002521AD</key>
		<dict>
			<key>fileEncoding</key>
			<string>4</string>
			<key>isa</key>
			<string>PBXFileReference</string>
			<key>lastKnownFileType</key>
			<string>sourcecode.c.objc</string>
			<key>path</key>
			<string>CoffeeDetailViewController.m</string>
			<key>sourceTree</key>
			<string>&lt;group&gt;</string>
		</dict>
		<key>3DD88732190B1180002521AD</key>
		<dict>
			<key>fileRef</key>
			<string>3DD88731190B1180002521AD</string>
			<key>isa</key>
			<string>PBXBuildFile</string>
		</dict>
		<key>3DD88733190B1196002521AD</key>
		<dict>
			<key>fileEncoding</key>
			<string>4</string>
			<key>isa</key>
			<string>PBXFileReference</string>
			<key>lastKnownFileType</key>
			<string>sourcecode.c.h</string>
			<key>path</key>
			<string>CuppingDetailViewController.h</string>
			<key>sourceTree</key>
			<string>&lt;group&gt;</string>
		</dict>
		<key>3DD88734190B1196002521AD</key>
		<dict>
			<key>fileEncoding</key>
			<string>4</string>
			<key>isa</key>
			<string>PBXFileReference</string>
			<key>lastKnownFileType</key>
			<string>sourcecode.c.objc</string>
			<key>path</key>
			<string>CuppingDetailViewController.m</string>
			<key>sourceTree</key>
			<string>&lt;group&gt;</string>
		</dict>
		<key>3DD88735190B1196002521AD</key>
		<dict>
			<key>fileRef</key>
			<string>3DD88734190B1196002521AD</string>
			<key>isa</key>
			<string>PBXBuildFile</string>
		</dict>
		<key>3DD88739190B11D5002521AD</key>
		<dict>
			<key>fileEncoding</key>
			<string>4</string>
			<key>isa</key>
			<string>PBXFileReference</string>
			<key>lastKnownFileType</key>
			<string>sourcecode.c.h</string>
			<key>path</key>
			<string>AddOrEditCuppingViewController.h</string>
			<key>sourceTree</key>
			<string>&lt;group&gt;</string>
		</dict>
		<key>3DD8873A190B11D5002521AD</key>
		<dict>
			<key>fileEncoding</key>
			<string>4</string>
			<key>isa</key>
			<string>PBXFileReference</string>
			<key>lastKnownFileType</key>
			<string>sourcecode.c.objc</string>
			<key>path</key>
			<string>AddOrEditCuppingViewController.m</string>
			<key>sourceTree</key>
			<string>&lt;group&gt;</string>
		</dict>
		<key>3DD8873B190B11D5002521AD</key>
		<dict>
			<key>fileRef</key>
			<string>3DD8873A190B11D5002521AD</string>
			<key>isa</key>
			<string>PBXBuildFile</string>
		</dict>
		<key>3DD8873C190B11E7002521AD</key>
		<dict>
			<key>children</key>
			<array>
				<string>3DE4603D190984FE002AF3C0</string>
				<string>3DE4603E190984FE002AF3C0</string>
				<string>3DE4604019098514002AF3C0</string>
				<string>3DE4604119098514002AF3C0</string>
			</array>
			<key>isa</key>
			<string>PBXGroup</string>
			<key>name</key>
			<string>Model</string>
			<key>sourceTree</key>
			<string>&lt;group&gt;</string>
		</dict>
		<key>3DD8873D190B11FA002521AD</key>
		<dict>
			<key>children</key>
			<array>
				<string>3D79B3F01911EF3800753DD1</string>
				<string>3D79B3F11911EF4F00753DD1</string>
				<string>3DD88733190B1196002521AD</string>
				<string>3DD88734190B1196002521AD</string>
				<string>3DFF2FB8190C789B00D465F4</string>
				<string>3DFF2FB9190C789B00D465F4</string>
				<string>3DD88739190B11D5002521AD</string>
				<string>3DD8873A190B11D5002521AD</string>
			</array>
			<key>isa</key>
			<string>PBXGroup</string>
			<key>name</key>
			<string>View</string>
			<key>sourceTree</key>
			<string>&lt;group&gt;</string>
		</dict>
		<key>3DD8873E190B166A002521AD</key>
		<dict>
			<key>fileEncoding</key>
			<string>4</string>
			<key>isa</key>
			<string>PBXFileReference</string>
			<key>lastKnownFileType</key>
			<string>sourcecode.c.h</string>
			<key>path</key>
			<string>CoffeeCell.h</string>
			<key>sourceTree</key>
			<string>&lt;group&gt;</string>
		</dict>
		<key>3DD8873F190B166A002521AD</key>
		<dict>
			<key>fileEncoding</key>
			<string>4</string>
			<key>isa</key>
			<string>PBXFileReference</string>
			<key>lastKnownFileType</key>
			<string>sourcecode.c.objc</string>
			<key>path</key>
			<string>CoffeeCell.m</string>
			<key>sourceTree</key>
			<string>&lt;group&gt;</string>
		</dict>
		<key>3DD88740190B166A002521AD</key>
		<dict>
			<key>fileRef</key>
			<string>3DD8873F190B166A002521AD</string>
			<key>isa</key>
			<string>PBXBuildFile</string>
		</dict>
		<key>3DE45FFC190984D8002AF3C0</key>
		<dict>
			<key>children</key>
			<array>
				<string>3DE4600E190984D8002AF3C0</string>
				<string>3D79B3F21911F10400753DD1</string>
				<string>3DE4602D190984D8002AF3C0</string>
				<string>3DE46007190984D8002AF3C0</string>
				<string>3DE46006190984D8002AF3C0</string>
				<string>7E3F88B562F34D5499F894A3</string>
			</array>
			<key>isa</key>
			<string>PBXGroup</string>
			<key>sourceTree</key>
			<string>&lt;group&gt;</string>
		</dict>
		<key>3DE45FFD190984D8002AF3C0</key>
		<dict>
			<key>attributes</key>
			<dict>
				<key>LastUpgradeCheck</key>
				<string>0510</string>
				<key>ORGANIZATIONNAME</key>
				<string>Cole Bratcher</string>
				<key>TargetAttributes</key>
				<dict>
					<key>3DE46025190984D8002AF3C0</key>
					<dict>
						<key>TestTargetID</key>
						<string>3DE46004190984D8002AF3C0</string>
					</dict>
				</dict>
			</dict>
			<key>buildConfigurationList</key>
			<string>3DE46000190984D8002AF3C0</string>
			<key>compatibilityVersion</key>
			<string>Xcode 3.2</string>
			<key>developmentRegion</key>
			<string>English</string>
			<key>hasScannedForEncodings</key>
			<string>0</string>
			<key>isa</key>
			<string>PBXProject</string>
			<key>knownRegions</key>
			<array>
				<string>en</string>
				<string>Base</string>
			</array>
			<key>mainGroup</key>
			<string>3DE45FFC190984D8002AF3C0</string>
			<key>productRefGroup</key>
			<string>3DE46006190984D8002AF3C0</string>
			<key>projectDirPath</key>
			<string></string>
			<key>projectReferences</key>
			<array/>
			<key>projectRoot</key>
			<string></string>
			<key>targets</key>
			<array>
				<string>3DE46004190984D8002AF3C0</string>
				<string>3DE46025190984D8002AF3C0</string>
			</array>
		</dict>
		<key>3DE46000190984D8002AF3C0</key>
		<dict>
			<key>buildConfigurations</key>
			<array>
				<string>3DE46035190984D8002AF3C0</string>
				<string>3DE46036190984D8002AF3C0</string>
			</array>
			<key>defaultConfigurationIsVisible</key>
			<string>0</string>
			<key>defaultConfigurationName</key>
			<string>Release</string>
			<key>isa</key>
			<string>XCConfigurationList</string>
		</dict>
		<key>3DE46001190984D8002AF3C0</key>
		<dict>
			<key>buildActionMask</key>
			<string>2147483647</string>
			<key>files</key>
			<array>
				<string>3DE4601F190984D8002AF3C0</string>
				<string>3DD88732190B1180002521AD</string>
				<string>3DFF2FB6190C60F100D465F4</string>
				<string>3DE46019190984D8002AF3C0</string>
				<string>3DE460451909852F002AF3C0</string>
				<string>3DE46015190984D8002AF3C0</string>
				<string>3DE4603F190984FE002AF3C0</string>
				<string>3DD8873B190B11D5002521AD</string>
				<string>3DE4604219098514002AF3C0</string>
				<string>3DD88735190B1196002521AD</string>
				<string>3DFC9A23190EEEFB00970C84</string>
				<string>3DFF2FBA190C789B00D465F4</string>
				<string>3D0518AD191025540020029B</string>
				<string>3DD88740190B166A002521AD</string>
			</array>
			<key>isa</key>
			<string>PBXSourcesBuildPhase</string>
			<key>runOnlyForDeploymentPostprocessing</key>
			<string>0</string>
		</dict>
		<key>3DE46002190984D8002AF3C0</key>
		<dict>
			<key>buildActionMask</key>
			<string>2147483647</string>
			<key>files</key>
			<array>
				<string>3DE4600B190984D8002AF3C0</string>
				<string>3DE4600D190984D8002AF3C0</string>
				<string>3DE46009190984D8002AF3C0</string>
				<string>06D1C1C3F7894517B818AAC5</string>
			</array>
			<key>isa</key>
			<string>PBXFrameworksBuildPhase</string>
			<key>runOnlyForDeploymentPostprocessing</key>
			<string>0</string>
		</dict>
		<key>3DE46003190984D8002AF3C0</key>
		<dict>
			<key>buildActionMask</key>
			<string>2147483647</string>
			<key>files</key>
			<array>
				<string>3DE46021190984D8002AF3C0</string>
				<string>3DE46013190984D8002AF3C0</string>
				<string>3DFC9A20190EE3F500970C84</string>
				<string>3DE4601C190984D8002AF3C0</string>
			</array>
			<key>isa</key>
			<string>PBXResourcesBuildPhase</string>
			<key>runOnlyForDeploymentPostprocessing</key>
			<string>0</string>
		</dict>
		<key>3DE46004190984D8002AF3C0</key>
		<dict>
			<key>buildConfigurationList</key>
			<string>3DE46037190984D8002AF3C0</string>
			<key>buildPhases</key>
			<array>
				<string>518730C32B314086891DD2E5</string>
				<string>3DE46001190984D8002AF3C0</string>
				<string>3DE46002190984D8002AF3C0</string>
				<string>3DE46003190984D8002AF3C0</string>
				<string>5AF62D08BF844200BA92FB76</string>
			</array>
			<key>buildRules</key>
			<array/>
			<key>dependencies</key>
			<array/>
			<key>isa</key>
			<string>PBXNativeTarget</string>
			<key>name</key>
			<string>CoffeeNotes</string>
			<key>productName</key>
			<string>CoffeeNotes</string>
			<key>productReference</key>
			<string>3DE46005190984D8002AF3C0</string>
			<key>productType</key>
			<string>com.apple.product-type.application</string>
		</dict>
		<key>3DE46005190984D8002AF3C0</key>
		<dict>
			<key>explicitFileType</key>
			<string>wrapper.application</string>
			<key>includeInIndex</key>
			<string>0</string>
			<key>isa</key>
			<string>PBXFileReference</string>
			<key>path</key>
			<string>CoffeeNotes.app</string>
			<key>sourceTree</key>
			<string>BUILT_PRODUCTS_DIR</string>
		</dict>
		<key>3DE46006190984D8002AF3C0</key>
		<dict>
			<key>children</key>
			<array>
				<string>3DE46005190984D8002AF3C0</string>
				<string>3DE46026190984D8002AF3C0</string>
			</array>
			<key>isa</key>
			<string>PBXGroup</string>
			<key>name</key>
			<string>Products</string>
			<key>sourceTree</key>
			<string>&lt;group&gt;</string>
		</dict>
		<key>3DE46007190984D8002AF3C0</key>
		<dict>
			<key>children</key>
			<array>
				<string>3DE46008190984D8002AF3C0</string>
				<string>3DE4600A190984D8002AF3C0</string>
				<string>3DE4600C190984D8002AF3C0</string>
				<string>3DE46027190984D8002AF3C0</string>
				<string>6076AB8A7E4D45AF8CB9B92E</string>
			</array>
			<key>isa</key>
			<string>PBXGroup</string>
			<key>name</key>
			<string>Frameworks</string>
			<key>sourceTree</key>
			<string>&lt;group&gt;</string>
		</dict>
		<key>3DE46008190984D8002AF3C0</key>
		<dict>
			<key>isa</key>
			<string>PBXFileReference</string>
			<key>lastKnownFileType</key>
			<string>wrapper.framework</string>
			<key>name</key>
			<string>Foundation.framework</string>
			<key>path</key>
			<string>System/Library/Frameworks/Foundation.framework</string>
			<key>sourceTree</key>
			<string>SDKROOT</string>
		</dict>
		<key>3DE46009190984D8002AF3C0</key>
		<dict>
			<key>fileRef</key>
			<string>3DE46008190984D8002AF3C0</string>
			<key>isa</key>
			<string>PBXBuildFile</string>
		</dict>
		<key>3DE4600A190984D8002AF3C0</key>
		<dict>
			<key>isa</key>
			<string>PBXFileReference</string>
			<key>lastKnownFileType</key>
			<string>wrapper.framework</string>
			<key>name</key>
			<string>CoreGraphics.framework</string>
			<key>path</key>
			<string>System/Library/Frameworks/CoreGraphics.framework</string>
			<key>sourceTree</key>
			<string>SDKROOT</string>
		</dict>
		<key>3DE4600B190984D8002AF3C0</key>
		<dict>
			<key>fileRef</key>
			<string>3DE4600A190984D8002AF3C0</string>
			<key>isa</key>
			<string>PBXBuildFile</string>
		</dict>
		<key>3DE4600C190984D8002AF3C0</key>
		<dict>
			<key>isa</key>
			<string>PBXFileReference</string>
			<key>lastKnownFileType</key>
			<string>wrapper.framework</string>
			<key>name</key>
			<string>UIKit.framework</string>
			<key>path</key>
			<string>System/Library/Frameworks/UIKit.framework</string>
			<key>sourceTree</key>
			<string>SDKROOT</string>
		</dict>
		<key>3DE4600D190984D8002AF3C0</key>
		<dict>
			<key>fileRef</key>
			<string>3DE4600C190984D8002AF3C0</string>
			<key>isa</key>
			<string>PBXBuildFile</string>
		</dict>
		<key>3DE4600E190984D8002AF3C0</key>
		<dict>
			<key>children</key>
			<array>
				<string>3DE46017190984D8002AF3C0</string>
				<string>3DE46018190984D8002AF3C0</string>
				<string>3DE4601A190984D8002AF3C0</string>
				<string>3DD8873C190B11E7002521AD</string>
				<string>3DD8873D190B11FA002521AD</string>
				<string>3DFF2FB7190C60F600D465F4</string>
				<string>3DE46020190984D8002AF3C0</string>
				<string>3DE4600F190984D8002AF3C0</string>
			</array>
			<key>isa</key>
			<string>PBXGroup</string>
			<key>path</key>
			<string>CoffeeNotes</string>
			<key>sourceTree</key>
			<string>&lt;group&gt;</string>
		</dict>
		<key>3DE4600F190984D8002AF3C0</key>
		<dict>
			<key>children</key>
			<array>
				<string>3DE46010190984D8002AF3C0</string>
				<string>3DE46011190984D8002AF3C0</string>
				<string>3DE46014190984D8002AF3C0</string>
				<string>3DE46016190984D8002AF3C0</string>
				<string>3DFC9A1F190EE3F500970C84</string>
			</array>
			<key>isa</key>
			<string>PBXGroup</string>
			<key>name</key>
			<string>Supporting Files</string>
			<key>sourceTree</key>
			<string>&lt;group&gt;</string>
		</dict>
		<key>3DE46010190984D8002AF3C0</key>
		<dict>
			<key>isa</key>
			<string>PBXFileReference</string>
			<key>lastKnownFileType</key>
			<string>text.plist.xml</string>
			<key>path</key>
			<string>CoffeeNotes-Info.plist</string>
			<key>sourceTree</key>
			<string>&lt;group&gt;</string>
		</dict>
		<key>3DE46011190984D8002AF3C0</key>
		<dict>
			<key>children</key>
			<array>
				<string>3DE46012190984D8002AF3C0</string>
			</array>
			<key>isa</key>
			<string>PBXVariantGroup</string>
			<key>name</key>
			<string>InfoPlist.strings</string>
			<key>sourceTree</key>
			<string>&lt;group&gt;</string>
		</dict>
		<key>3DE46012190984D8002AF3C0</key>
		<dict>
			<key>isa</key>
			<string>PBXFileReference</string>
			<key>lastKnownFileType</key>
			<string>text.plist.strings</string>
			<key>name</key>
			<string>en</string>
			<key>path</key>
			<string>en.lproj/InfoPlist.strings</string>
			<key>sourceTree</key>
			<string>&lt;group&gt;</string>
		</dict>
		<key>3DE46013190984D8002AF3C0</key>
		<dict>
			<key>fileRef</key>
			<string>3DE46011190984D8002AF3C0</string>
			<key>isa</key>
			<string>PBXBuildFile</string>
		</dict>
		<key>3DE46014190984D8002AF3C0</key>
		<dict>
			<key>isa</key>
			<string>PBXFileReference</string>
			<key>lastKnownFileType</key>
			<string>sourcecode.c.objc</string>
			<key>path</key>
			<string>main.m</string>
			<key>sourceTree</key>
			<string>&lt;group&gt;</string>
		</dict>
		<key>3DE46015190984D8002AF3C0</key>
		<dict>
			<key>fileRef</key>
			<string>3DE46014190984D8002AF3C0</string>
			<key>isa</key>
			<string>PBXBuildFile</string>
		</dict>
		<key>3DE46016190984D8002AF3C0</key>
		<dict>
			<key>isa</key>
			<string>PBXFileReference</string>
			<key>lastKnownFileType</key>
			<string>sourcecode.c.h</string>
			<key>path</key>
			<string>CoffeeNotes-Prefix.pch</string>
			<key>sourceTree</key>
			<string>&lt;group&gt;</string>
		</dict>
		<key>3DE46017190984D8002AF3C0</key>
		<dict>
			<key>isa</key>
			<string>PBXFileReference</string>
			<key>lastKnownFileType</key>
			<string>sourcecode.c.h</string>
			<key>path</key>
			<string>AppDelegate.h</string>
			<key>sourceTree</key>
			<string>&lt;group&gt;</string>
		</dict>
		<key>3DE46018190984D8002AF3C0</key>
		<dict>
			<key>isa</key>
			<string>PBXFileReference</string>
			<key>lastKnownFileType</key>
			<string>sourcecode.c.objc</string>
			<key>path</key>
			<string>AppDelegate.m</string>
			<key>sourceTree</key>
			<string>&lt;group&gt;</string>
		</dict>
		<key>3DE46019190984D8002AF3C0</key>
		<dict>
			<key>fileRef</key>
			<string>3DE46018190984D8002AF3C0</string>
			<key>isa</key>
			<string>PBXBuildFile</string>
		</dict>
		<key>3DE4601A190984D8002AF3C0</key>
		<dict>
			<key>children</key>
			<array>
				<string>3DE4601B190984D8002AF3C0</string>
			</array>
			<key>isa</key>
			<string>PBXVariantGroup</string>
			<key>name</key>
			<string>Main.storyboard</string>
			<key>sourceTree</key>
			<string>&lt;group&gt;</string>
		</dict>
		<key>3DE4601B190984D8002AF3C0</key>
		<dict>
			<key>isa</key>
			<string>PBXFileReference</string>
			<key>lastKnownFileType</key>
			<string>file.storyboard</string>
			<key>name</key>
			<string>Base</string>
			<key>path</key>
			<string>Base.lproj/Main.storyboard</string>
			<key>sourceTree</key>
			<string>&lt;group&gt;</string>
		</dict>
		<key>3DE4601C190984D8002AF3C0</key>
		<dict>
			<key>fileRef</key>
			<string>3DE4601A190984D8002AF3C0</string>
			<key>isa</key>
			<string>PBXBuildFile</string>
		</dict>
		<key>3DE4601D190984D8002AF3C0</key>
		<dict>
			<key>isa</key>
			<string>PBXFileReference</string>
			<key>lastKnownFileType</key>
			<string>sourcecode.c.h</string>
			<key>path</key>
			<string>CoffeesViewController.h</string>
			<key>sourceTree</key>
			<string>&lt;group&gt;</string>
		</dict>
		<key>3DE4601E190984D8002AF3C0</key>
		<dict>
			<key>isa</key>
			<string>PBXFileReference</string>
			<key>lastKnownFileType</key>
			<string>sourcecode.c.objc</string>
			<key>path</key>
			<string>CoffeesViewController.m</string>
			<key>sourceTree</key>
			<string>&lt;group&gt;</string>
		</dict>
		<key>3DE4601F190984D8002AF3C0</key>
		<dict>
			<key>fileRef</key>
			<string>3DE4601E190984D8002AF3C0</string>
			<key>isa</key>
			<string>PBXBuildFile</string>
		</dict>
		<key>3DE46020190984D8002AF3C0</key>
		<dict>
			<key>isa</key>
			<string>PBXFileReference</string>
			<key>lastKnownFileType</key>
			<string>folder.assetcatalog</string>
			<key>path</key>
			<string>Images.xcassets</string>
			<key>sourceTree</key>
			<string>&lt;group&gt;</string>
		</dict>
		<key>3DE46021190984D8002AF3C0</key>
		<dict>
			<key>fileRef</key>
			<string>3DE46020190984D8002AF3C0</string>
			<key>isa</key>
			<string>PBXBuildFile</string>
		</dict>
		<key>3DE46022190984D8002AF3C0</key>
		<dict>
			<key>buildActionMask</key>
			<string>2147483647</string>
			<key>files</key>
			<array>
				<string>3DE46034190984D8002AF3C0</string>
			</array>
			<key>isa</key>
			<string>PBXSourcesBuildPhase</string>
			<key>runOnlyForDeploymentPostprocessing</key>
			<string>0</string>
		</dict>
		<key>3DE46023190984D8002AF3C0</key>
		<dict>
			<key>buildActionMask</key>
			<string>2147483647</string>
			<key>files</key>
			<array>
				<string>3DE46028190984D8002AF3C0</string>
				<string>3DE4602A190984D8002AF3C0</string>
				<string>3DE46029190984D8002AF3C0</string>
			</array>
			<key>isa</key>
			<string>PBXFrameworksBuildPhase</string>
			<key>runOnlyForDeploymentPostprocessing</key>
			<string>0</string>
		</dict>
		<key>3DE46024190984D8002AF3C0</key>
		<dict>
			<key>buildActionMask</key>
			<string>2147483647</string>
			<key>files</key>
			<array>
				<string>3DE46032190984D8002AF3C0</string>
			</array>
			<key>isa</key>
			<string>PBXResourcesBuildPhase</string>
			<key>runOnlyForDeploymentPostprocessing</key>
			<string>0</string>
		</dict>
		<key>3DE46025190984D8002AF3C0</key>
		<dict>
			<key>buildConfigurationList</key>
			<string>3DE4603A190984D8002AF3C0</string>
			<key>buildPhases</key>
			<array>
				<string>3DE46022190984D8002AF3C0</string>
				<string>3DE46023190984D8002AF3C0</string>
				<string>3DE46024190984D8002AF3C0</string>
			</array>
			<key>buildRules</key>
			<array/>
			<key>dependencies</key>
			<array>
				<string>3DE4602C190984D8002AF3C0</string>
			</array>
			<key>isa</key>
			<string>PBXNativeTarget</string>
			<key>name</key>
			<string>CoffeeNotesTests</string>
			<key>productName</key>
			<string>CoffeeNotesTests</string>
			<key>productReference</key>
			<string>3DE46026190984D8002AF3C0</string>
			<key>productType</key>
			<string>com.apple.product-type.bundle.unit-test</string>
		</dict>
		<key>3DE46026190984D8002AF3C0</key>
		<dict>
			<key>explicitFileType</key>
			<string>wrapper.cfbundle</string>
			<key>includeInIndex</key>
			<string>0</string>
			<key>isa</key>
			<string>PBXFileReference</string>
			<key>path</key>
			<string>CoffeeNotesTests.xctest</string>
			<key>sourceTree</key>
			<string>BUILT_PRODUCTS_DIR</string>
		</dict>
		<key>3DE46027190984D8002AF3C0</key>
		<dict>
			<key>isa</key>
			<string>PBXFileReference</string>
			<key>lastKnownFileType</key>
			<string>wrapper.framework</string>
			<key>name</key>
			<string>XCTest.framework</string>
			<key>path</key>
			<string>Library/Frameworks/XCTest.framework</string>
			<key>sourceTree</key>
			<string>DEVELOPER_DIR</string>
		</dict>
		<key>3DE46028190984D8002AF3C0</key>
		<dict>
			<key>fileRef</key>
			<string>3DE46027190984D8002AF3C0</string>
			<key>isa</key>
			<string>PBXBuildFile</string>
		</dict>
		<key>3DE46029190984D8002AF3C0</key>
		<dict>
			<key>fileRef</key>
			<string>3DE46008190984D8002AF3C0</string>
			<key>isa</key>
			<string>PBXBuildFile</string>
		</dict>
		<key>3DE4602A190984D8002AF3C0</key>
		<dict>
			<key>fileRef</key>
			<string>3DE4600C190984D8002AF3C0</string>
			<key>isa</key>
			<string>PBXBuildFile</string>
		</dict>
		<key>3DE4602B190984D8002AF3C0</key>
		<dict>
			<key>containerPortal</key>
			<string>3DE45FFD190984D8002AF3C0</string>
			<key>isa</key>
			<string>PBXContainerItemProxy</string>
			<key>proxyType</key>
			<string>1</string>
			<key>remoteGlobalIDString</key>
			<string>3DE46004190984D8002AF3C0</string>
			<key>remoteInfo</key>
			<string>CoffeeNotes</string>
		</dict>
		<key>3DE4602C190984D8002AF3C0</key>
		<dict>
			<key>isa</key>
			<string>PBXTargetDependency</string>
			<key>target</key>
			<string>3DE46004190984D8002AF3C0</string>
			<key>targetProxy</key>
			<string>3DE4602B190984D8002AF3C0</string>
		</dict>
		<key>3DE4602D190984D8002AF3C0</key>
		<dict>
			<key>children</key>
			<array>
				<string>3DE46033190984D8002AF3C0</string>
				<string>3DE4602E190984D8002AF3C0</string>
			</array>
			<key>isa</key>
			<string>PBXGroup</string>
			<key>path</key>
			<string>CoffeeNotesTests</string>
			<key>sourceTree</key>
			<string>&lt;group&gt;</string>
		</dict>
		<key>3DE4602E190984D8002AF3C0</key>
		<dict>
			<key>children</key>
			<array>
				<string>3DE4602F190984D8002AF3C0</string>
				<string>3DE46030190984D8002AF3C0</string>
			</array>
			<key>isa</key>
			<string>PBXGroup</string>
			<key>name</key>
			<string>Supporting Files</string>
			<key>sourceTree</key>
			<string>&lt;group&gt;</string>
		</dict>
		<key>3DE4602F190984D8002AF3C0</key>
		<dict>
			<key>isa</key>
			<string>PBXFileReference</string>
			<key>lastKnownFileType</key>
			<string>text.plist.xml</string>
			<key>path</key>
			<string>CoffeeNotesTests-Info.plist</string>
			<key>sourceTree</key>
			<string>&lt;group&gt;</string>
		</dict>
		<key>3DE46030190984D8002AF3C0</key>
		<dict>
			<key>children</key>
			<array>
				<string>3DE46031190984D8002AF3C0</string>
			</array>
			<key>isa</key>
			<string>PBXVariantGroup</string>
			<key>name</key>
			<string>InfoPlist.strings</string>
			<key>sourceTree</key>
			<string>&lt;group&gt;</string>
		</dict>
		<key>3DE46031190984D8002AF3C0</key>
		<dict>
			<key>isa</key>
			<string>PBXFileReference</string>
			<key>lastKnownFileType</key>
			<string>text.plist.strings</string>
			<key>name</key>
			<string>en</string>
			<key>path</key>
			<string>en.lproj/InfoPlist.strings</string>
			<key>sourceTree</key>
			<string>&lt;group&gt;</string>
		</dict>
		<key>3DE46032190984D8002AF3C0</key>
		<dict>
			<key>fileRef</key>
			<string>3DE46030190984D8002AF3C0</string>
			<key>isa</key>
			<string>PBXBuildFile</string>
		</dict>
		<key>3DE46033190984D8002AF3C0</key>
		<dict>
			<key>isa</key>
			<string>PBXFileReference</string>
			<key>lastKnownFileType</key>
			<string>sourcecode.c.objc</string>
			<key>path</key>
			<string>CoffeeNotesTests.m</string>
			<key>sourceTree</key>
			<string>&lt;group&gt;</string>
		</dict>
		<key>3DE46034190984D8002AF3C0</key>
		<dict>
			<key>fileRef</key>
			<string>3DE46033190984D8002AF3C0</string>
			<key>isa</key>
			<string>PBXBuildFile</string>
		</dict>
		<key>3DE46035190984D8002AF3C0</key>
		<dict>
			<key>buildSettings</key>
			<dict>
				<key>ALWAYS_SEARCH_USER_PATHS</key>
				<string>NO</string>
				<key>CLANG_CXX_LANGUAGE_STANDARD</key>
				<string>gnu++0x</string>
				<key>CLANG_CXX_LIBRARY</key>
				<string>libc++</string>
				<key>CLANG_ENABLE_MODULES</key>
				<string>YES</string>
				<key>CLANG_ENABLE_OBJC_ARC</key>
				<string>YES</string>
				<key>CLANG_WARN_BOOL_CONVERSION</key>
				<string>YES</string>
				<key>CLANG_WARN_CONSTANT_CONVERSION</key>
				<string>YES</string>
				<key>CLANG_WARN_DIRECT_OBJC_ISA_USAGE</key>
				<string>YES_ERROR</string>
				<key>CLANG_WARN_EMPTY_BODY</key>
				<string>YES</string>
				<key>CLANG_WARN_ENUM_CONVERSION</key>
				<string>YES</string>
				<key>CLANG_WARN_INT_CONVERSION</key>
				<string>YES</string>
				<key>CLANG_WARN_OBJC_ROOT_CLASS</key>
				<string>YES_ERROR</string>
				<key>CLANG_WARN__DUPLICATE_METHOD_MATCH</key>
				<string>YES</string>
				<key>CODE_SIGN_IDENTITY[sdk=iphoneos*]</key>
				<string>iPhone Developer</string>
				<key>COPY_PHASE_STRIP</key>
				<string>NO</string>
				<key>GCC_C_LANGUAGE_STANDARD</key>
				<string>gnu99</string>
				<key>GCC_DYNAMIC_NO_PIC</key>
				<string>NO</string>
				<key>GCC_OPTIMIZATION_LEVEL</key>
				<string>0</string>
				<key>GCC_PREPROCESSOR_DEFINITIONS</key>
				<array>
					<string>DEBUG=1</string>
					<string>$(inherited)</string>
				</array>
				<key>GCC_SYMBOLS_PRIVATE_EXTERN</key>
				<string>NO</string>
				<key>GCC_WARN_64_TO_32_BIT_CONVERSION</key>
				<string>YES</string>
				<key>GCC_WARN_ABOUT_RETURN_TYPE</key>
				<string>YES_ERROR</string>
				<key>GCC_WARN_UNDECLARED_SELECTOR</key>
				<string>YES</string>
				<key>GCC_WARN_UNINITIALIZED_AUTOS</key>
				<string>YES_AGGRESSIVE</string>
				<key>GCC_WARN_UNUSED_FUNCTION</key>
				<string>YES</string>
				<key>GCC_WARN_UNUSED_VARIABLE</key>
				<string>YES</string>
				<key>IPHONEOS_DEPLOYMENT_TARGET</key>
				<string>7.1</string>
				<key>ONLY_ACTIVE_ARCH</key>
				<string>YES</string>
				<key>SDKROOT</key>
				<string>iphoneos</string>
			</dict>
			<key>isa</key>
			<string>XCBuildConfiguration</string>
			<key>name</key>
			<string>Debug</string>
		</dict>
		<key>3DE46036190984D8002AF3C0</key>
		<dict>
			<key>buildSettings</key>
			<dict>
				<key>ALWAYS_SEARCH_USER_PATHS</key>
				<string>NO</string>
				<key>CLANG_CXX_LANGUAGE_STANDARD</key>
				<string>gnu++0x</string>
				<key>CLANG_CXX_LIBRARY</key>
				<string>libc++</string>
				<key>CLANG_ENABLE_MODULES</key>
				<string>YES</string>
				<key>CLANG_ENABLE_OBJC_ARC</key>
				<string>YES</string>
				<key>CLANG_WARN_BOOL_CONVERSION</key>
				<string>YES</string>
				<key>CLANG_WARN_CONSTANT_CONVERSION</key>
				<string>YES</string>
				<key>CLANG_WARN_DIRECT_OBJC_ISA_USAGE</key>
				<string>YES_ERROR</string>
				<key>CLANG_WARN_EMPTY_BODY</key>
				<string>YES</string>
				<key>CLANG_WARN_ENUM_CONVERSION</key>
				<string>YES</string>
				<key>CLANG_WARN_INT_CONVERSION</key>
				<string>YES</string>
				<key>CLANG_WARN_OBJC_ROOT_CLASS</key>
				<string>YES_ERROR</string>
				<key>CLANG_WARN__DUPLICATE_METHOD_MATCH</key>
				<string>YES</string>
				<key>CODE_SIGN_IDENTITY[sdk=iphoneos*]</key>
				<string>iPhone Developer</string>
				<key>COPY_PHASE_STRIP</key>
				<string>YES</string>
				<key>ENABLE_NS_ASSERTIONS</key>
				<string>NO</string>
				<key>GCC_C_LANGUAGE_STANDARD</key>
				<string>gnu99</string>
				<key>GCC_WARN_64_TO_32_BIT_CONVERSION</key>
				<string>YES</string>
				<key>GCC_WARN_ABOUT_RETURN_TYPE</key>
				<string>YES_ERROR</string>
				<key>GCC_WARN_UNDECLARED_SELECTOR</key>
				<string>YES</string>
				<key>GCC_WARN_UNINITIALIZED_AUTOS</key>
				<string>YES_AGGRESSIVE</string>
				<key>GCC_WARN_UNUSED_FUNCTION</key>
				<string>YES</string>
				<key>GCC_WARN_UNUSED_VARIABLE</key>
				<string>YES</string>
				<key>IPHONEOS_DEPLOYMENT_TARGET</key>
				<string>7.1</string>
				<key>SDKROOT</key>
				<string>iphoneos</string>
				<key>VALIDATE_PRODUCT</key>
				<string>YES</string>
			</dict>
			<key>isa</key>
			<string>XCBuildConfiguration</string>
			<key>name</key>
			<string>Release</string>
		</dict>
		<key>3DE46037190984D8002AF3C0</key>
		<dict>
			<key>buildConfigurations</key>
			<array>
				<string>3DE46038190984D8002AF3C0</string>
				<string>3DE46039190984D8002AF3C0</string>
			</array>
			<key>defaultConfigurationIsVisible</key>
			<string>0</string>
			<key>defaultConfigurationName</key>
			<string>Release</string>
			<key>isa</key>
			<string>XCConfigurationList</string>
		</dict>
		<key>3DE46038190984D8002AF3C0</key>
		<dict>
			<key>baseConfigurationReference</key>
			<string>7E3F88B562F34D5499F894A3</string>
			<key>buildSettings</key>
			<dict>
				<key>ASSETCATALOG_COMPILER_APPICON_NAME</key>
				<string>AppIcon</string>
				<key>ASSETCATALOG_COMPILER_LAUNCHIMAGE_NAME</key>
				<string>LaunchImage</string>
				<key>GCC_PRECOMPILE_PREFIX_HEADER</key>
				<string>YES</string>
				<key>GCC_PREFIX_HEADER</key>
				<string>CoffeeNotes/CoffeeNotes-Prefix.pch</string>
				<key>INFOPLIST_FILE</key>
				<string>CoffeeNotes/CoffeeNotes-Info.plist</string>
				<key>PRODUCT_NAME</key>
				<string>$(TARGET_NAME)</string>
				<key>WRAPPER_EXTENSION</key>
				<string>app</string>
			</dict>
			<key>isa</key>
			<string>XCBuildConfiguration</string>
			<key>name</key>
			<string>Debug</string>
		</dict>
		<key>3DE46039190984D8002AF3C0</key>
		<dict>
			<key>baseConfigurationReference</key>
			<string>7E3F88B562F34D5499F894A3</string>
			<key>buildSettings</key>
			<dict>
				<key>ASSETCATALOG_COMPILER_APPICON_NAME</key>
				<string>AppIcon</string>
				<key>ASSETCATALOG_COMPILER_LAUNCHIMAGE_NAME</key>
				<string>LaunchImage</string>
				<key>GCC_PRECOMPILE_PREFIX_HEADER</key>
				<string>YES</string>
				<key>GCC_PREFIX_HEADER</key>
				<string>CoffeeNotes/CoffeeNotes-Prefix.pch</string>
				<key>INFOPLIST_FILE</key>
				<string>CoffeeNotes/CoffeeNotes-Info.plist</string>
				<key>PRODUCT_NAME</key>
				<string>$(TARGET_NAME)</string>
				<key>WRAPPER_EXTENSION</key>
				<string>app</string>
			</dict>
			<key>isa</key>
			<string>XCBuildConfiguration</string>
			<key>name</key>
			<string>Release</string>
		</dict>
		<key>3DE4603A190984D8002AF3C0</key>
		<dict>
			<key>buildConfigurations</key>
			<array>
				<string>3DE4603B190984D8002AF3C0</string>
				<string>3DE4603C190984D8002AF3C0</string>
			</array>
			<key>defaultConfigurationIsVisible</key>
			<string>0</string>
			<key>defaultConfigurationName</key>
			<string>Release</string>
			<key>isa</key>
			<string>XCConfigurationList</string>
		</dict>
		<key>3DE4603B190984D8002AF3C0</key>
		<dict>
			<key>buildSettings</key>
			<dict>
				<key>BUNDLE_LOADER</key>
				<string>$(BUILT_PRODUCTS_DIR)/CoffeeNotes.app/CoffeeNotes</string>
				<key>FRAMEWORK_SEARCH_PATHS</key>
				<array>
					<string>$(SDKROOT)/Developer/Library/Frameworks</string>
					<string>$(inherited)</string>
					<string>$(DEVELOPER_FRAMEWORKS_DIR)</string>
				</array>
				<key>GCC_PRECOMPILE_PREFIX_HEADER</key>
				<string>YES</string>
				<key>GCC_PREFIX_HEADER</key>
				<string>CoffeeNotes/CoffeeNotes-Prefix.pch</string>
				<key>GCC_PREPROCESSOR_DEFINITIONS</key>
				<array>
					<string>DEBUG=1</string>
					<string>$(inherited)</string>
				</array>
				<key>INFOPLIST_FILE</key>
				<string>CoffeeNotesTests/CoffeeNotesTests-Info.plist</string>
				<key>PRODUCT_NAME</key>
				<string>$(TARGET_NAME)</string>
				<key>TEST_HOST</key>
				<string>$(BUNDLE_LOADER)</string>
				<key>WRAPPER_EXTENSION</key>
				<string>xctest</string>
			</dict>
			<key>isa</key>
			<string>XCBuildConfiguration</string>
			<key>name</key>
			<string>Debug</string>
		</dict>
		<key>3DE4603C190984D8002AF3C0</key>
		<dict>
			<key>buildSettings</key>
			<dict>
				<key>BUNDLE_LOADER</key>
				<string>$(BUILT_PRODUCTS_DIR)/CoffeeNotes.app/CoffeeNotes</string>
				<key>FRAMEWORK_SEARCH_PATHS</key>
				<array>
					<string>$(SDKROOT)/Developer/Library/Frameworks</string>
					<string>$(inherited)</string>
					<string>$(DEVELOPER_FRAMEWORKS_DIR)</string>
				</array>
				<key>GCC_PRECOMPILE_PREFIX_HEADER</key>
				<string>YES</string>
				<key>GCC_PREFIX_HEADER</key>
				<string>CoffeeNotes/CoffeeNotes-Prefix.pch</string>
				<key>INFOPLIST_FILE</key>
				<string>CoffeeNotesTests/CoffeeNotesTests-Info.plist</string>
				<key>PRODUCT_NAME</key>
				<string>$(TARGET_NAME)</string>
				<key>TEST_HOST</key>
				<string>$(BUNDLE_LOADER)</string>
				<key>WRAPPER_EXTENSION</key>
				<string>xctest</string>
			</dict>
			<key>isa</key>
			<string>XCBuildConfiguration</string>
			<key>name</key>
			<string>Release</string>
		</dict>
		<key>3DE4603D190984FE002AF3C0</key>
		<dict>
			<key>fileEncoding</key>
			<string>4</string>
			<key>isa</key>
			<string>PBXFileReference</string>
			<key>lastKnownFileType</key>
			<string>sourcecode.c.h</string>
			<key>name</key>
			<string>Coffee.h</string>
			<key>path</key>
			<string>../Coffee.h</string>
			<key>sourceTree</key>
			<string>&lt;group&gt;</string>
		</dict>
		<key>3DE4603E190984FE002AF3C0</key>
		<dict>
			<key>fileEncoding</key>
			<string>4</string>
			<key>isa</key>
			<string>PBXFileReference</string>
			<key>lastKnownFileType</key>
			<string>sourcecode.c.objc</string>
			<key>name</key>
			<string>Coffee.m</string>
			<key>path</key>
			<string>../Coffee.m</string>
			<key>sourceTree</key>
			<string>&lt;group&gt;</string>
		</dict>
		<key>3DE4603F190984FE002AF3C0</key>
		<dict>
			<key>fileRef</key>
			<string>3DE4603E190984FE002AF3C0</string>
			<key>isa</key>
			<string>PBXBuildFile</string>
		</dict>
		<key>3DE4604019098514002AF3C0</key>
		<dict>
			<key>fileEncoding</key>
			<string>4</string>
			<key>isa</key>
			<string>PBXFileReference</string>
			<key>lastKnownFileType</key>
			<string>sourcecode.c.h</string>
			<key>path</key>
			<string>Cupping.h</string>
			<key>sourceTree</key>
			<string>&lt;group&gt;</string>
		</dict>
		<key>3DE4604119098514002AF3C0</key>
		<dict>
			<key>fileEncoding</key>
			<string>4</string>
			<key>isa</key>
			<string>PBXFileReference</string>
			<key>lastKnownFileType</key>
			<string>sourcecode.c.objc</string>
			<key>path</key>
			<string>Cupping.m</string>
			<key>sourceTree</key>
			<string>&lt;group&gt;</string>
		</dict>
		<key>3DE4604219098514002AF3C0</key>
		<dict>
			<key>fileRef</key>
			<string>3DE4604119098514002AF3C0</string>
			<key>isa</key>
			<string>PBXBuildFile</string>
		</dict>
		<key>3DE460431909852F002AF3C0</key>
		<dict>
			<key>fileEncoding</key>
			<string>4</string>
			<key>isa</key>
			<string>PBXFileReference</string>
			<key>lastKnownFileType</key>
			<string>sourcecode.c.h</string>
			<key>path</key>
			<string>TastingWheel.h</string>
			<key>sourceTree</key>
			<string>&lt;group&gt;</string>
		</dict>
		<key>3DE460441909852F002AF3C0</key>
		<dict>
			<key>fileEncoding</key>
			<string>4</string>
			<key>isa</key>
			<string>PBXFileReference</string>
			<key>lastKnownFileType</key>
			<string>sourcecode.c.objc</string>
			<key>path</key>
			<string>TastingWheel.m</string>
			<key>sourceTree</key>
			<string>&lt;group&gt;</string>
		</dict>
		<key>3DE460451909852F002AF3C0</key>
		<dict>
			<key>fileRef</key>
			<string>3DE460441909852F002AF3C0</string>
			<key>isa</key>
			<string>PBXBuildFile</string>
		</dict>
		<key>3DFC9A1F190EE3F500970C84</key>
		<dict>
			<key>fileEncoding</key>
			<string>4</string>
			<key>isa</key>
			<string>PBXFileReference</string>
			<key>lastKnownFileType</key>
			<string>text.plist.xml</string>
			<key>path</key>
			<string>DataSourcePropertyList.plist</string>
			<key>sourceTree</key>
			<string>&lt;group&gt;</string>
		</dict>
		<key>3DFC9A20190EE3F500970C84</key>
		<dict>
			<key>fileRef</key>
			<string>3DFC9A1F190EE3F500970C84</string>
			<key>isa</key>
			<string>PBXBuildFile</string>
		</dict>
		<key>3DFC9A21190EEEFB00970C84</key>
		<dict>
			<key>fileEncoding</key>
			<string>4</string>
			<key>isa</key>
			<string>PBXFileReference</string>
			<key>lastKnownFileType</key>
			<string>sourcecode.c.h</string>
			<key>path</key>
			<string>DataController.h</string>
			<key>sourceTree</key>
			<string>&lt;group&gt;</string>
		</dict>
		<key>3DFC9A22190EEEFB00970C84</key>
		<dict>
			<key>fileEncoding</key>
			<string>4</string>
			<key>isa</key>
			<string>PBXFileReference</string>
			<key>lastKnownFileType</key>
			<string>sourcecode.c.objc</string>
			<key>path</key>
			<string>DataController.m</string>
			<key>sourceTree</key>
			<string>&lt;group&gt;</string>
		</dict>
		<key>3DFC9A23190EEEFB00970C84</key>
		<dict>
			<key>fileRef</key>
			<string>3DFC9A22190EEEFB00970C84</string>
			<key>isa</key>
			<string>PBXBuildFile</string>
		</dict>
		<key>3DFF2FB4190C60F100D465F4</key>
		<dict>
			<key>fileEncoding</key>
			<string>4</string>
			<key>isa</key>
			<string>PBXFileReference</string>
			<key>lastKnownFileType</key>
			<string>sourcecode.c.h</string>
			<key>path</key>
			<string>UIColor+ColorScheme.h</string>
			<key>sourceTree</key>
			<string>&lt;group&gt;</string>
		</dict>
		<key>3DFF2FB5190C60F100D465F4</key>
		<dict>
			<key>fileEncoding</key>
			<string>4</string>
			<key>isa</key>
			<string>PBXFileReference</string>
			<key>lastKnownFileType</key>
			<string>sourcecode.c.objc</string>
			<key>path</key>
			<string>UIColor+ColorScheme.m</string>
			<key>sourceTree</key>
			<string>&lt;group&gt;</string>
		</dict>
		<key>3DFF2FB6190C60F100D465F4</key>
		<dict>
			<key>fileRef</key>
			<string>3DFF2FB5190C60F100D465F4</string>
			<key>isa</key>
			<string>PBXBuildFile</string>
		</dict>
		<key>3DFF2FB7190C60F600D465F4</key>
		<dict>
			<key>children</key>
			<array>
				<string>3DFF2FB4190C60F100D465F4</string>
				<string>3DFF2FB5190C60F100D465F4</string>
				<string>3DFC9A21190EEEFB00970C84</string>
				<string>3DFC9A22190EEEFB00970C84</string>
			</array>
			<key>isa</key>
			<string>PBXGroup</string>
			<key>name</key>
			<string>Controller</string>
			<key>sourceTree</key>
			<string>&lt;group&gt;</string>
		</dict>
		<key>3DFF2FB8190C789B00D465F4</key>
		<dict>
			<key>fileEncoding</key>
			<string>4</string>
			<key>isa</key>
			<string>PBXFileReference</string>
			<key>lastKnownFileType</key>
			<string>sourcecode.c.h</string>
			<key>name</key>
			<string>AddOrEditCoffeeViewController.h</string>
			<key>path</key>
			<string>../AddOrEditCoffeeViewController.h</string>
			<key>sourceTree</key>
			<string>&lt;group&gt;</string>
		</dict>
		<key>3DFF2FB9190C789B00D465F4</key>
		<dict>
			<key>fileEncoding</key>
			<string>4</string>
			<key>isa</key>
			<string>PBXFileReference</string>
			<key>lastKnownFileType</key>
			<string>sourcecode.c.objc</string>
			<key>name</key>
			<string>AddOrEditCoffeeViewController.m</string>
			<key>path</key>
			<string>../AddOrEditCoffeeViewController.m</string>
			<key>sourceTree</key>
			<string>&lt;group&gt;</string>
		</dict>
		<key>3DFF2FBA190C789B00D465F4</key>
		<dict>
			<key>fileRef</key>
			<string>3DFF2FB9190C789B00D465F4</string>
			<key>isa</key>
			<string>PBXBuildFile</string>
		</dict>
		<key>518730C32B314086891DD2E5</key>
		<dict>
			<key>buildActionMask</key>
			<string>2147483647</string>
			<key>files</key>
			<array/>
			<key>inputPaths</key>
			<array/>
			<key>isa</key>
			<string>PBXShellScriptBuildPhase</string>
			<key>name</key>
			<string>Check Pods Manifest.lock</string>
			<key>outputPaths</key>
			<array/>
			<key>runOnlyForDeploymentPostprocessing</key>
			<string>0</string>
			<key>shellPath</key>
			<string>/bin/sh</string>
			<key>shellScript</key>
			<string>diff "${PODS_ROOT}/../Podfile.lock" "${PODS_ROOT}/Manifest.lock" &gt; /dev/null
if [[ $? != 0 ]] ; then
    cat &lt;&lt; EOM
error: The sandbox is not in sync with the Podfile.lock. Run 'pod install' or update your CocoaPods installation.
EOM
    exit 1
fi
</string>
			<key>showEnvVarsInLog</key>
			<string>0</string>
		</dict>
		<key>5AF62D08BF844200BA92FB76</key>
		<dict>
			<key>buildActionMask</key>
			<string>2147483647</string>
			<key>files</key>
			<array/>
			<key>inputPaths</key>
			<array/>
			<key>isa</key>
			<string>PBXShellScriptBuildPhase</string>
			<key>name</key>
			<string>Copy Pods Resources</string>
			<key>outputPaths</key>
			<array/>
			<key>runOnlyForDeploymentPostprocessing</key>
			<string>0</string>
			<key>shellPath</key>
			<string>/bin/sh</string>
			<key>shellScript</key>
			<string>"${SRCROOT}/Pods/Pods-resources.sh"
</string>
			<key>showEnvVarsInLog</key>
			<string>0</string>
		</dict>
		<key>6076AB8A7E4D45AF8CB9B92E</key>
		<dict>
			<key>explicitFileType</key>
			<string>archive.ar</string>
			<key>includeInIndex</key>
			<string>0</string>
			<key>isa</key>
			<string>PBXFileReference</string>
			<key>path</key>
			<string>libPods.a</string>
			<key>sourceTree</key>
			<string>BUILT_PRODUCTS_DIR</string>
		</dict>
		<key>7E3F88B562F34D5499F894A3</key>
		<dict>
			<key>includeInIndex</key>
			<string>1</string>
			<key>isa</key>
			<string>PBXFileReference</string>
			<key>lastKnownFileType</key>
			<string>text.xcconfig</string>
			<key>name</key>
			<string>Pods.xcconfig</string>
			<key>path</key>
			<string>Pods/Pods.xcconfig</string>
			<key>sourceTree</key>
			<string>&lt;group&gt;</string>
		</dict>
	</dict>
	<key>rootObject</key>
	<string>3DE45FFD190984D8002AF3C0</string>
</dict>
</plist>
